
Microsoft Visual Studio Solution File, Format Version 12.00
# Visual Studio Version 17
VisualStudioVersion = 17.2.32616.157
MinimumVisualStudioVersion = 10.0.40219.1
Project("{9A19103F-16F7-4668-BE54-9A1E7A4F7556}") = "ManWeb", "ManWeb\ManWeb.csproj", "{848FCF1D-CF4D-4F55-9EB6-4CDB8DF26F0B}"
EndProject
Global
	GlobalSection(SolutionConfigurationPlatforms) = preSolution
		Debug|Any CPU = Debug|Any CPU
		Release|Any CPU = Release|Any CPU
	EndGlobalSection
	GlobalSection(ProjectConfigurationPlatforms) = postSolution
		{848FCF1D-CF4D-4F55-9EB6-4CDB8DF26F0B}.Debug|Any CPU.ActiveCfg = Debug|Any CPU
		{848FCF1D-CF4D-4F55-9EB6-4CDB8DF26F0B}.Debug|Any CPU.Build.0 = Debug|Any CPU
		{848FCF1D-CF4D-4F55-9EB6-4CDB8DF26F0B}.Release|Any CPU.ActiveCfg = Release|Any CPU
		{848FCF1D-CF4D-4F55-9EB6-4CDB8DF26F0B}.Release|Any CPU.Build.0 = Release|Any CPU
	EndGlobalSection
	GlobalSection(SolutionProperties) = preSolution
		HideSolutionNode = FALSE
	EndGlobalSection
	GlobalSection(ExtensibilityGlobals) = postSolution
		SolutionGuid = {0C812327-5801-4217-841C-074BEC755912}
	EndGlobalSection
EndGlobal
